version: 1.0
shards:
  da_html_escape:
    github: da99/da_html_escape.cr
    version: 3.0.2

  da_string:
    github: da99/da_string.cr
    version: 1.0.2

  da_uri:
    github: da99/da_uri.cr
    version: 1.1.2

  inspect_bang:
    github: da99/inspect_bang.cr
    version: 1.0.1

  myhtml:
    github: kostya/myhtml
    version: 0.26

